
Microsoft Visual Studio Solution File, Format Version 12.00
# Visual Studio Version 17
VisualStudioVersion = 17.3.32929.385
MinimumVisualStudioVersion = 10.0.40219.1
Project("{FAE04EC0-301F-11D3-BF4B-00C04F79EFBC}") = "ProjectWeb", "ProjectWeb\ProjectWeb.csproj", "{B937EC35-B81D-454C-B1E5-38C2D4B07549}"
EndProject
Global
	GlobalSection(SolutionConfigurationPlatforms) = preSolution
		Debug|Any CPU = Debug|Any CPU
		Release|Any CPU = Release|Any CPU
	EndGlobalSection
	GlobalSection(ProjectConfigurationPlatforms) = postSolution
		{B937EC35-B81D-454C-B1E5-38C2D4B07549}.Debug|Any CPU.ActiveCfg = Debug|Any CPU
		{B937EC35-B81D-454C-B1E5-38C2D4B07549}.Debug|Any CPU.Build.0 = Debug|Any CPU
		{B937EC35-B81D-454C-B1E5-38C2D4B07549}.Release|Any CPU.ActiveCfg = Release|Any CPU
		{B937EC35-B81D-454C-B1E5-38C2D4B07549}.Release|Any CPU.Build.0 = Release|Any CPU
	EndGlobalSection
	GlobalSection(SolutionProperties) = preSolution
		HideSolutionNode = FALSE
	EndGlobalSection
	GlobalSection(ExtensibilityGlobals) = postSolution
		SolutionGuid = {BB9F459F-48D8-486C-93FF-989588FE2150}
	EndGlobalSection
EndGlobal
